
Microsoft Visual Studio Solution File, Format Version 12.00
# Visual Studio 14
VisualStudioVersion = 14.0.25420.1
MinimumVisualStudioVersion = 10.0.40219.1
Project("{FAE04EC0-301F-11D3-BF4B-00C04F79EFBC}") = "RuRaReader", "RuRaReader\RuRaReader.csproj", "{D72A630B-6CEE-4191-906B-B03B1A0C857E}"
EndProject
Project("{FAE04EC0-301F-11D3-BF4B-00C04F79EFBC}") = "RuRaNugetPackages", "..\RuRaNugetPackages\RuRaNugetPackages.csproj", "{3BEBE94B-315B-4C66-A8CA-4BA741EA3AD9}"
EndProject
Project("{FAE04EC0-301F-11D3-BF4B-00C04F79EFBC}") = "DaoTester", "DaoTester\DaoTester.csproj", "{88967723-9B0C-42C4-B2A4-C4262ECB46D1}"
EndProject
Global
	GlobalSection(SolutionConfigurationPlatforms) = preSolution
		Debug|Any CPU = Debug|Any CPU
		Release|Any CPU = Release|Any CPU
	EndGlobalSection
	GlobalSection(ProjectConfigurationPlatforms) = postSolution
		{D72A630B-6CEE-4191-906B-B03B1A0C857E}.Debug|Any CPU.ActiveCfg = Debug|Any CPU
		{D72A630B-6CEE-4191-906B-B03B1A0C857E}.Debug|Any CPU.Build.0 = Debug|Any CPU
		{D72A630B-6CEE-4191-906B-B03B1A0C857E}.Debug|Any CPU.Deploy.0 = Debug|Any CPU
		{D72A630B-6CEE-4191-906B-B03B1A0C857E}.Release|Any CPU.ActiveCfg = Release|Any CPU
		{D72A630B-6CEE-4191-906B-B03B1A0C857E}.Release|Any CPU.Build.0 = Release|Any CPU
		{D72A630B-6CEE-4191-906B-B03B1A0C857E}.Release|Any CPU.Deploy.0 = Release|Any CPU
		{3BEBE94B-315B-4C66-A8CA-4BA741EA3AD9}.Debug|Any CPU.ActiveCfg = Debug|Any CPU
		{3BEBE94B-315B-4C66-A8CA-4BA741EA3AD9}.Debug|Any CPU.Build.0 = Debug|Any CPU
		{3BEBE94B-315B-4C66-A8CA-4BA741EA3AD9}.Release|Any CPU.ActiveCfg = Release|Any CPU
		{3BEBE94B-315B-4C66-A8CA-4BA741EA3AD9}.Release|Any CPU.Build.0 = Release|Any CPU
		{88967723-9B0C-42C4-B2A4-C4262ECB46D1}.Debug|Any CPU.ActiveCfg = Debug|Any CPU
		{88967723-9B0C-42C4-B2A4-C4262ECB46D1}.Debug|Any CPU.Build.0 = Debug|Any CPU
		{88967723-9B0C-42C4-B2A4-C4262ECB46D1}.Release|Any CPU.ActiveCfg = Release|Any CPU
		{88967723-9B0C-42C4-B2A4-C4262ECB46D1}.Release|Any CPU.Build.0 = Release|Any CPU
	EndGlobalSection
	GlobalSection(SolutionProperties) = preSolution
		HideSolutionNode = FALSE
	EndGlobalSection
EndGlobal
