
Microsoft Visual Studio Solution File, Format Version 12.00
# Visual Studio 14
VisualStudioVersion = 14.0.25420.1
MinimumVisualStudioVersion = 10.0.40219.1
Project("{FAE04EC0-301F-11D3-BF4B-00C04F79EFBC}") = "Fun1", "Fun1\Fun1.csproj", "{6BD20DEB-C3F1-4D17-838D-8A60F39A5E80}"
EndProject
Project("{2150E333-8FDC-42A3-9474-1A3956D46DE8}") = "Tanks", "Tanks", "{CEA41302-3403-4A29-B346-6708992A48C4}"
EndProject
Project("{FAE04EC0-301F-11D3-BF4B-00C04F79EFBC}") = "Server", "Server\Server.csproj", "{03CB30F9-B190-45E5-891D-CE6701BF39D2}"
	ProjectSection(ProjectDependencies) = postProject
		{EBBF8CD9-C10C-4545-8B7B-16211EFC5146} = {EBBF8CD9-C10C-4545-8B7B-16211EFC5146}
	EndProjectSection
EndProject
Project("{FAE04EC0-301F-11D3-BF4B-00C04F79EFBC}") = "Client", "Client\Client.csproj", "{26BB58CF-761C-4E19-AE5A-FA07E9A05894}"
	ProjectSection(ProjectDependencies) = postProject
		{EBBF8CD9-C10C-4545-8B7B-16211EFC5146} = {EBBF8CD9-C10C-4545-8B7B-16211EFC5146}
	EndProjectSection
EndProject
Project("{FAE04EC0-301F-11D3-BF4B-00C04F79EFBC}") = "Interfaces", "Interfaces\Interfaces.csproj", "{EBBF8CD9-C10C-4545-8B7B-16211EFC5146}"
EndProject
Project("{2150E333-8FDC-42A3-9474-1A3956D46DE8}") = "RuRa", "RuRa", "{C5C0B1F6-E443-407C-A2EE-D097F662B912}"
EndProject
Project("{FAE04EC0-301F-11D3-BF4B-00C04F79EFBC}") = "RuRaApiTest", "RuRaApiTest\RuRaApiTest.csproj", "{AB80B4F9-3329-4C1D-A058-34B4EB7F0110}"
EndProject
Project("{2150E333-8FDC-42A3-9474-1A3956D46DE8}") = "VacancyTest", "VacancyTest", "{C25A64DA-9AC2-48FF-98CD-C7D1B0C8658B}"
EndProject
Project("{FAE04EC0-301F-11D3-BF4B-00C04F79EFBC}") = "VectorEditor", "VectorEditor\VectorEditor.csproj", "{F00EE300-A9EC-4955-BBE3-D3960A162994}"
EndProject
Project("{FAE04EC0-301F-11D3-BF4B-00C04F79EFBC}") = "RuRaReader", "RuRaReader\RuRaReader\RuRaReader.csproj", "{D72A630B-6CEE-4191-906B-B03B1A0C857E}"
	ProjectSection(ProjectDependencies) = postProject
		{3BEBE94B-315B-4C66-A8CA-4BA741EA3AD9} = {3BEBE94B-315B-4C66-A8CA-4BA741EA3AD9}
	EndProjectSection
EndProject
Project("{FAE04EC0-301F-11D3-BF4B-00C04F79EFBC}") = "RuRaNugetPackages", "RuRaNugetPackages\RuRaNugetPackages.csproj", "{3BEBE94B-315B-4C66-A8CA-4BA741EA3AD9}"
EndProject
Global
	GlobalSection(SolutionConfigurationPlatforms) = preSolution
		Debug|Any CPU = Debug|Any CPU
		Release|Any CPU = Release|Any CPU
	EndGlobalSection
	GlobalSection(ProjectConfigurationPlatforms) = postSolution
		{6BD20DEB-C3F1-4D17-838D-8A60F39A5E80}.Debug|Any CPU.ActiveCfg = Debug|Any CPU
		{6BD20DEB-C3F1-4D17-838D-8A60F39A5E80}.Debug|Any CPU.Build.0 = Debug|Any CPU
		{6BD20DEB-C3F1-4D17-838D-8A60F39A5E80}.Release|Any CPU.ActiveCfg = Release|Any CPU
		{6BD20DEB-C3F1-4D17-838D-8A60F39A5E80}.Release|Any CPU.Build.0 = Release|Any CPU
		{03CB30F9-B190-45E5-891D-CE6701BF39D2}.Debug|Any CPU.ActiveCfg = Debug|Any CPU
		{03CB30F9-B190-45E5-891D-CE6701BF39D2}.Debug|Any CPU.Build.0 = Debug|Any CPU
		{03CB30F9-B190-45E5-891D-CE6701BF39D2}.Release|Any CPU.ActiveCfg = Release|Any CPU
		{03CB30F9-B190-45E5-891D-CE6701BF39D2}.Release|Any CPU.Build.0 = Release|Any CPU
		{26BB58CF-761C-4E19-AE5A-FA07E9A05894}.Debug|Any CPU.ActiveCfg = Debug|Any CPU
		{26BB58CF-761C-4E19-AE5A-FA07E9A05894}.Debug|Any CPU.Build.0 = Debug|Any CPU
		{26BB58CF-761C-4E19-AE5A-FA07E9A05894}.Release|Any CPU.ActiveCfg = Release|Any CPU
		{26BB58CF-761C-4E19-AE5A-FA07E9A05894}.Release|Any CPU.Build.0 = Release|Any CPU
		{EBBF8CD9-C10C-4545-8B7B-16211EFC5146}.Debug|Any CPU.ActiveCfg = Debug|Any CPU
		{EBBF8CD9-C10C-4545-8B7B-16211EFC5146}.Debug|Any CPU.Build.0 = Debug|Any CPU
		{EBBF8CD9-C10C-4545-8B7B-16211EFC5146}.Release|Any CPU.ActiveCfg = Release|Any CPU
		{EBBF8CD9-C10C-4545-8B7B-16211EFC5146}.Release|Any CPU.Build.0 = Release|Any CPU
		{AB80B4F9-3329-4C1D-A058-34B4EB7F0110}.Debug|Any CPU.ActiveCfg = Debug|Any CPU
		{AB80B4F9-3329-4C1D-A058-34B4EB7F0110}.Debug|Any CPU.Build.0 = Debug|Any CPU
		{AB80B4F9-3329-4C1D-A058-34B4EB7F0110}.Release|Any CPU.ActiveCfg = Release|Any CPU
		{AB80B4F9-3329-4C1D-A058-34B4EB7F0110}.Release|Any CPU.Build.0 = Release|Any CPU
		{F00EE300-A9EC-4955-BBE3-D3960A162994}.Debug|Any CPU.ActiveCfg = Debug|Any CPU
		{F00EE300-A9EC-4955-BBE3-D3960A162994}.Debug|Any CPU.Build.0 = Debug|Any CPU
		{F00EE300-A9EC-4955-BBE3-D3960A162994}.Release|Any CPU.ActiveCfg = Release|Any CPU
		{F00EE300-A9EC-4955-BBE3-D3960A162994}.Release|Any CPU.Build.0 = Release|Any CPU
		{D72A630B-6CEE-4191-906B-B03B1A0C857E}.Debug|Any CPU.ActiveCfg = Debug|Any CPU
		{D72A630B-6CEE-4191-906B-B03B1A0C857E}.Debug|Any CPU.Build.0 = Debug|Any CPU
		{D72A630B-6CEE-4191-906B-B03B1A0C857E}.Debug|Any CPU.Deploy.0 = Debug|Any CPU
		{D72A630B-6CEE-4191-906B-B03B1A0C857E}.Release|Any CPU.ActiveCfg = Release|Any CPU
		{D72A630B-6CEE-4191-906B-B03B1A0C857E}.Release|Any CPU.Build.0 = Release|Any CPU
		{D72A630B-6CEE-4191-906B-B03B1A0C857E}.Release|Any CPU.Deploy.0 = Release|Any CPU
		{3BEBE94B-315B-4C66-A8CA-4BA741EA3AD9}.Debug|Any CPU.ActiveCfg = Debug|Any CPU
		{3BEBE94B-315B-4C66-A8CA-4BA741EA3AD9}.Debug|Any CPU.Build.0 = Debug|Any CPU
		{3BEBE94B-315B-4C66-A8CA-4BA741EA3AD9}.Release|Any CPU.ActiveCfg = Release|Any CPU
		{3BEBE94B-315B-4C66-A8CA-4BA741EA3AD9}.Release|Any CPU.Build.0 = Release|Any CPU
	EndGlobalSection
	GlobalSection(SolutionProperties) = preSolution
		HideSolutionNode = FALSE
	EndGlobalSection
	GlobalSection(NestedProjects) = preSolution
		{03CB30F9-B190-45E5-891D-CE6701BF39D2} = {CEA41302-3403-4A29-B346-6708992A48C4}
		{26BB58CF-761C-4E19-AE5A-FA07E9A05894} = {CEA41302-3403-4A29-B346-6708992A48C4}
		{EBBF8CD9-C10C-4545-8B7B-16211EFC5146} = {CEA41302-3403-4A29-B346-6708992A48C4}
		{AB80B4F9-3329-4C1D-A058-34B4EB7F0110} = {C5C0B1F6-E443-407C-A2EE-D097F662B912}
		{F00EE300-A9EC-4955-BBE3-D3960A162994} = {C25A64DA-9AC2-48FF-98CD-C7D1B0C8658B}
		{D72A630B-6CEE-4191-906B-B03B1A0C857E} = {C5C0B1F6-E443-407C-A2EE-D097F662B912}
		{3BEBE94B-315B-4C66-A8CA-4BA741EA3AD9} = {C5C0B1F6-E443-407C-A2EE-D097F662B912}
	EndGlobalSection
EndGlobal
